
Microsoft Visual Studio Solution File, Format Version 12.00
# Visual Studio Version 16
VisualStudioVersion = 16.0.30309.148
MinimumVisualStudioVersion = 10.0.40219.1
Project("{FAE04EC0-301F-11D3-BF4B-00C04F79EFBC}") = "WpfPrevodnikSoustav", "WpfPrevodnikSoustav\WpfPrevodnikSoustav.csproj", "{8CF99FE3-8EFB-4695-85FA-8617D27C6E67}"
EndProject
Global
	GlobalSection(SolutionConfigurationPlatforms) = preSolution
		Debug|Any CPU = Debug|Any CPU
		Release|Any CPU = Release|Any CPU
	EndGlobalSection
	GlobalSection(ProjectConfigurationPlatforms) = postSolution
		{8CF99FE3-8EFB-4695-85FA-8617D27C6E67}.Debug|Any CPU.ActiveCfg = Debug|Any CPU
		{8CF99FE3-8EFB-4695-85FA-8617D27C6E67}.Debug|Any CPU.Build.0 = Debug|Any CPU
		{8CF99FE3-8EFB-4695-85FA-8617D27C6E67}.Release|Any CPU.ActiveCfg = Release|Any CPU
		{8CF99FE3-8EFB-4695-85FA-8617D27C6E67}.Release|Any CPU.Build.0 = Release|Any CPU
	EndGlobalSection
	GlobalSection(SolutionProperties) = preSolution
		HideSolutionNode = FALSE
	EndGlobalSection
	GlobalSection(ExtensibilityGlobals) = postSolution
		SolutionGuid = {9569FF71-EC5A-4A12-9D62-3B823ACC798C}
	EndGlobalSection
EndGlobal
